
Microsoft Visual Studio Solution File, Format Version 12.00
# Visual Studio Version 16
VisualStudioVersion = 16.0.30804.86
MinimumVisualStudioVersion = 10.0.40219.1
Project("{9A19103F-16F7-4668-BE54-9A1E7A4F7556}") = "DiagramDesigner", "DiagramDesigner\DiagramDesigner.csproj", "{AB09A8C0-8B58-4730-B3F2-09F4267AFDED}"
EndProject
Project("{9A19103F-16F7-4668-BE54-9A1E7A4F7556}") = "DiagramDesignerEngine", "DiagramDesignerEngine\DiagramDesignerEngine.csproj", "{0AB1A17B-4274-4026-A521-E6C481789B00}"
EndProject
Project("{9A19103F-16F7-4668-BE54-9A1E7A4F7556}") = "DiagramDesigner.UnitTests", "DiagramDesigner.UnitTests\DiagramDesigner.UnitTests.csproj", "{5DA65613-686B-4703-BEA8-1B7E5AB533EF}"
EndProject
Project("{9A19103F-16F7-4668-BE54-9A1E7A4F7556}") = "DiagramDesignerEngine.UnitTests", "DiagramDesignerEngine.UnitTests\DiagramDesignerEngine.UnitTests.csproj", "{5EF8A75B-D578-4725-B3D0-D795B8793385}"
EndProject
Project("{9A19103F-16F7-4668-BE54-9A1E7A4F7556}") = "DiagramDesignerModel", "DiagramDesignerModel\DiagramDesignerModel.csproj", "{13ED3C59-DA21-4032-975D-9733D6A6CD8F}"
EndProject
Project("{9A19103F-16F7-4668-BE54-9A1E7A4F7556}") = "DiagramDesignerModelTests.UnitTests", "DiagramDesignerModelTests\DiagramDesignerModelTests.UnitTests.csproj", "{2A7FD8F3-8973-4A62-A208-7286FE69E089}"
EndProject
Project("{9A19103F-16F7-4668-BE54-9A1E7A4F7556}") = "ShapeGrammarEngine", "ShapeGrammarEngine\ShapeGrammarEngine.csproj", "{85C51CD5-1540-4E40-AD10-8F51741196AE}"
EndProject
Project("{9A19103F-16F7-4668-BE54-9A1E7A4F7556}") = "ShapeGrammarEngineUnitTests", "ShapeGrammarEngineUnitTests\ShapeGrammarEngineUnitTests.csproj", "{42D959E0-6213-4C72-8C7D-F3D478C56F69}"
EndProject
Project("{FAE04EC0-301F-11D3-BF4B-00C04F79EFBC}") = "BasicGeometries", "BasicGeometries\BasicGeometries.csproj", "{A5D37E9A-D6D8-40E2-9C0E-3F0F3279DF1D}"
EndProject
Project("{FAE04EC0-301F-11D3-BF4B-00C04F79EFBC}") = "BasicGeometries.UnitTests", "BasicGeometries.UnitTests\BasicGeometries.UnitTests.csproj", "{D0A5554B-79AF-4317-B6BD-4751A657EEA8}"
EndProject
Global
	GlobalSection(SolutionConfigurationPlatforms) = preSolution
		Debug|Any CPU = Debug|Any CPU
		Debug|x64 = Debug|x64
		Debug|x86 = Debug|x86
		Release|Any CPU = Release|Any CPU
		Release|x64 = Release|x64
		Release|x86 = Release|x86
	EndGlobalSection
	GlobalSection(ProjectConfigurationPlatforms) = postSolution
		{AB09A8C0-8B58-4730-B3F2-09F4267AFDED}.Debug|Any CPU.ActiveCfg = Debug|Any CPU
		{AB09A8C0-8B58-4730-B3F2-09F4267AFDED}.Debug|Any CPU.Build.0 = Debug|Any CPU
		{AB09A8C0-8B58-4730-B3F2-09F4267AFDED}.Debug|x64.ActiveCfg = Debug|Any CPU
		{AB09A8C0-8B58-4730-B3F2-09F4267AFDED}.Debug|x64.Build.0 = Debug|Any CPU
		{AB09A8C0-8B58-4730-B3F2-09F4267AFDED}.Debug|x86.ActiveCfg = Debug|Any CPU
		{AB09A8C0-8B58-4730-B3F2-09F4267AFDED}.Debug|x86.Build.0 = Debug|Any CPU
		{AB09A8C0-8B58-4730-B3F2-09F4267AFDED}.Release|Any CPU.ActiveCfg = Release|Any CPU
		{AB09A8C0-8B58-4730-B3F2-09F4267AFDED}.Release|Any CPU.Build.0 = Release|Any CPU
		{AB09A8C0-8B58-4730-B3F2-09F4267AFDED}.Release|x64.ActiveCfg = Release|Any CPU
		{AB09A8C0-8B58-4730-B3F2-09F4267AFDED}.Release|x64.Build.0 = Release|Any CPU
		{AB09A8C0-8B58-4730-B3F2-09F4267AFDED}.Release|x86.ActiveCfg = Release|Any CPU
		{AB09A8C0-8B58-4730-B3F2-09F4267AFDED}.Release|x86.Build.0 = Release|Any CPU
		{0AB1A17B-4274-4026-A521-E6C481789B00}.Debug|Any CPU.ActiveCfg = Debug|Any CPU
		{0AB1A17B-4274-4026-A521-E6C481789B00}.Debug|Any CPU.Build.0 = Debug|Any CPU
		{0AB1A17B-4274-4026-A521-E6C481789B00}.Debug|x64.ActiveCfg = Debug|Any CPU
		{0AB1A17B-4274-4026-A521-E6C481789B00}.Debug|x64.Build.0 = Debug|Any CPU
		{0AB1A17B-4274-4026-A521-E6C481789B00}.Debug|x86.ActiveCfg = Debug|Any CPU
		{0AB1A17B-4274-4026-A521-E6C481789B00}.Debug|x86.Build.0 = Debug|Any CPU
		{0AB1A17B-4274-4026-A521-E6C481789B00}.Release|Any CPU.ActiveCfg = Release|Any CPU
		{0AB1A17B-4274-4026-A521-E6C481789B00}.Release|Any CPU.Build.0 = Release|Any CPU
		{0AB1A17B-4274-4026-A521-E6C481789B00}.Release|x64.ActiveCfg = Release|Any CPU
		{0AB1A17B-4274-4026-A521-E6C481789B00}.Release|x64.Build.0 = Release|Any CPU
		{0AB1A17B-4274-4026-A521-E6C481789B00}.Release|x86.ActiveCfg = Release|Any CPU
		{0AB1A17B-4274-4026-A521-E6C481789B00}.Release|x86.Build.0 = Release|Any CPU
		{5DA65613-686B-4703-BEA8-1B7E5AB533EF}.Debug|Any CPU.ActiveCfg = Debug|Any CPU
		{5DA65613-686B-4703-BEA8-1B7E5AB533EF}.Debug|Any CPU.Build.0 = Debug|Any CPU
		{5DA65613-686B-4703-BEA8-1B7E5AB533EF}.Debug|x64.ActiveCfg = Debug|Any CPU
		{5DA65613-686B-4703-BEA8-1B7E5AB533EF}.Debug|x64.Build.0 = Debug|Any CPU
		{5DA65613-686B-4703-BEA8-1B7E5AB533EF}.Debug|x86.ActiveCfg = Debug|Any CPU
		{5DA65613-686B-4703-BEA8-1B7E5AB533EF}.Debug|x86.Build.0 = Debug|Any CPU
		{5DA65613-686B-4703-BEA8-1B7E5AB533EF}.Release|Any CPU.ActiveCfg = Release|Any CPU
		{5DA65613-686B-4703-BEA8-1B7E5AB533EF}.Release|Any CPU.Build.0 = Release|Any CPU
		{5DA65613-686B-4703-BEA8-1B7E5AB533EF}.Release|x64.ActiveCfg = Release|Any CPU
		{5DA65613-686B-4703-BEA8-1B7E5AB533EF}.Release|x64.Build.0 = Release|Any CPU
		{5DA65613-686B-4703-BEA8-1B7E5AB533EF}.Release|x86.ActiveCfg = Release|Any CPU
		{5DA65613-686B-4703-BEA8-1B7E5AB533EF}.Release|x86.Build.0 = Release|Any CPU
		{5EF8A75B-D578-4725-B3D0-D795B8793385}.Debug|Any CPU.ActiveCfg = Debug|Any CPU
		{5EF8A75B-D578-4725-B3D0-D795B8793385}.Debug|Any CPU.Build.0 = Debug|Any CPU
		{5EF8A75B-D578-4725-B3D0-D795B8793385}.Debug|x64.ActiveCfg = Debug|Any CPU
		{5EF8A75B-D578-4725-B3D0-D795B8793385}.Debug|x64.Build.0 = Debug|Any CPU
		{5EF8A75B-D578-4725-B3D0-D795B8793385}.Debug|x86.ActiveCfg = Debug|Any CPU
		{5EF8A75B-D578-4725-B3D0-D795B8793385}.Debug|x86.Build.0 = Debug|Any CPU
		{5EF8A75B-D578-4725-B3D0-D795B8793385}.Release|Any CPU.ActiveCfg = Release|Any CPU
		{5EF8A75B-D578-4725-B3D0-D795B8793385}.Release|Any CPU.Build.0 = Release|Any CPU
		{5EF8A75B-D578-4725-B3D0-D795B8793385}.Release|x64.ActiveCfg = Release|Any CPU
		{5EF8A75B-D578-4725-B3D0-D795B8793385}.Release|x64.Build.0 = Release|Any CPU
		{5EF8A75B-D578-4725-B3D0-D795B8793385}.Release|x86.ActiveCfg = Release|Any CPU
		{5EF8A75B-D578-4725-B3D0-D795B8793385}.Release|x86.Build.0 = Release|Any CPU
		{13ED3C59-DA21-4032-975D-9733D6A6CD8F}.Debug|Any CPU.ActiveCfg = Debug|Any CPU
		{13ED3C59-DA21-4032-975D-9733D6A6CD8F}.Debug|Any CPU.Build.0 = Debug|Any CPU
		{13ED3C59-DA21-4032-975D-9733D6A6CD8F}.Debug|x64.ActiveCfg = Debug|Any CPU
		{13ED3C59-DA21-4032-975D-9733D6A6CD8F}.Debug|x64.Build.0 = Debug|Any CPU
		{13ED3C59-DA21-4032-975D-9733D6A6CD8F}.Debug|x86.ActiveCfg = Debug|Any CPU
		{13ED3C59-DA21-4032-975D-9733D6A6CD8F}.Debug|x86.Build.0 = Debug|Any CPU
		{13ED3C59-DA21-4032-975D-9733D6A6CD8F}.Release|Any CPU.ActiveCfg = Release|Any CPU
		{13ED3C59-DA21-4032-975D-9733D6A6CD8F}.Release|Any CPU.Build.0 = Release|Any CPU
		{13ED3C59-DA21-4032-975D-9733D6A6CD8F}.Release|x64.ActiveCfg = Release|Any CPU
		{13ED3C59-DA21-4032-975D-9733D6A6CD8F}.Release|x64.Build.0 = Release|Any CPU
		{13ED3C59-DA21-4032-975D-9733D6A6CD8F}.Release|x86.ActiveCfg = Release|Any CPU
		{13ED3C59-DA21-4032-975D-9733D6A6CD8F}.Release|x86.Build.0 = Release|Any CPU
		{2A7FD8F3-8973-4A62-A208-7286FE69E089}.Debug|Any CPU.ActiveCfg = Debug|Any CPU
		{2A7FD8F3-8973-4A62-A208-7286FE69E089}.Debug|Any CPU.Build.0 = Debug|Any CPU
		{2A7FD8F3-8973-4A62-A208-7286FE69E089}.Debug|x64.ActiveCfg = Debug|Any CPU
		{2A7FD8F3-8973-4A62-A208-7286FE69E089}.Debug|x64.Build.0 = Debug|Any CPU
		{2A7FD8F3-8973-4A62-A208-7286FE69E089}.Debug|x86.ActiveCfg = Debug|Any CPU
		{2A7FD8F3-8973-4A62-A208-7286FE69E089}.Debug|x86.Build.0 = Debug|Any CPU
		{2A7FD8F3-8973-4A62-A208-7286FE69E089}.Release|Any CPU.ActiveCfg = Release|Any CPU
		{2A7FD8F3-8973-4A62-A208-7286FE69E089}.Release|Any CPU.Build.0 = Release|Any CPU
		{2A7FD8F3-8973-4A62-A208-7286FE69E089}.Release|x64.ActiveCfg = Release|Any CPU
		{2A7FD8F3-8973-4A62-A208-7286FE69E089}.Release|x64.Build.0 = Release|Any CPU
		{2A7FD8F3-8973-4A62-A208-7286FE69E089}.Release|x86.ActiveCfg = Release|Any CPU
		{2A7FD8F3-8973-4A62-A208-7286FE69E089}.Release|x86.Build.0 = Release|Any CPU
		{85C51CD5-1540-4E40-AD10-8F51741196AE}.Debug|Any CPU.ActiveCfg = Debug|Any CPU
		{85C51CD5-1540-4E40-AD10-8F51741196AE}.Debug|Any CPU.Build.0 = Debug|Any CPU
		{85C51CD5-1540-4E40-AD10-8F51741196AE}.Debug|x64.ActiveCfg = Debug|Any CPU
		{85C51CD5-1540-4E40-AD10-8F51741196AE}.Debug|x64.Build.0 = Debug|Any CPU
		{85C51CD5-1540-4E40-AD10-8F51741196AE}.Debug|x86.ActiveCfg = Debug|Any CPU
		{85C51CD5-1540-4E40-AD10-8F51741196AE}.Debug|x86.Build.0 = Debug|Any CPU
		{85C51CD5-1540-4E40-AD10-8F51741196AE}.Release|Any CPU.ActiveCfg = Release|Any CPU
		{85C51CD5-1540-4E40-AD10-8F51741196AE}.Release|Any CPU.Build.0 = Release|Any CPU
		{85C51CD5-1540-4E40-AD10-8F51741196AE}.Release|x64.ActiveCfg = Release|Any CPU
		{85C51CD5-1540-4E40-AD10-8F51741196AE}.Release|x64.Build.0 = Release|Any CPU
		{85C51CD5-1540-4E40-AD10-8F51741196AE}.Release|x86.ActiveCfg = Release|Any CPU
		{85C51CD5-1540-4E40-AD10-8F51741196AE}.Release|x86.Build.0 = Release|Any CPU
		{42D959E0-6213-4C72-8C7D-F3D478C56F69}.Debug|Any CPU.ActiveCfg = Debug|Any CPU
		{42D959E0-6213-4C72-8C7D-F3D478C56F69}.Debug|Any CPU.Build.0 = Debug|Any CPU
		{42D959E0-6213-4C72-8C7D-F3D478C56F69}.Debug|x64.ActiveCfg = Debug|Any CPU
		{42D959E0-6213-4C72-8C7D-F3D478C56F69}.Debug|x64.Build.0 = Debug|Any CPU
		{42D959E0-6213-4C72-8C7D-F3D478C56F69}.Debug|x86.ActiveCfg = Debug|Any CPU
		{42D959E0-6213-4C72-8C7D-F3D478C56F69}.Debug|x86.Build.0 = Debug|Any CPU
		{42D959E0-6213-4C72-8C7D-F3D478C56F69}.Release|Any CPU.ActiveCfg = Release|Any CPU
		{42D959E0-6213-4C72-8C7D-F3D478C56F69}.Release|Any CPU.Build.0 = Release|Any CPU
		{42D959E0-6213-4C72-8C7D-F3D478C56F69}.Release|x64.ActiveCfg = Release|Any CPU
		{42D959E0-6213-4C72-8C7D-F3D478C56F69}.Release|x64.Build.0 = Release|Any CPU
		{42D959E0-6213-4C72-8C7D-F3D478C56F69}.Release|x86.ActiveCfg = Release|Any CPU
		{42D959E0-6213-4C72-8C7D-F3D478C56F69}.Release|x86.Build.0 = Release|Any CPU
		{A5D37E9A-D6D8-40E2-9C0E-3F0F3279DF1D}.Debug|Any CPU.ActiveCfg = Debug|Any CPU
		{A5D37E9A-D6D8-40E2-9C0E-3F0F3279DF1D}.Debug|Any CPU.Build.0 = Debug|Any CPU
		{A5D37E9A-D6D8-40E2-9C0E-3F0F3279DF1D}.Debug|x64.ActiveCfg = Debug|Any CPU
		{A5D37E9A-D6D8-40E2-9C0E-3F0F3279DF1D}.Debug|x64.Build.0 = Debug|Any CPU
		{A5D37E9A-D6D8-40E2-9C0E-3F0F3279DF1D}.Debug|x86.ActiveCfg = Debug|Any CPU
		{A5D37E9A-D6D8-40E2-9C0E-3F0F3279DF1D}.Debug|x86.Build.0 = Debug|Any CPU
		{A5D37E9A-D6D8-40E2-9C0E-3F0F3279DF1D}.Release|Any CPU.ActiveCfg = Release|Any CPU
		{A5D37E9A-D6D8-40E2-9C0E-3F0F3279DF1D}.Release|Any CPU.Build.0 = Release|Any CPU
		{A5D37E9A-D6D8-40E2-9C0E-3F0F3279DF1D}.Release|x64.ActiveCfg = Release|Any CPU
		{A5D37E9A-D6D8-40E2-9C0E-3F0F3279DF1D}.Release|x64.Build.0 = Release|Any CPU
		{A5D37E9A-D6D8-40E2-9C0E-3F0F3279DF1D}.Release|x86.ActiveCfg = Release|Any CPU
		{A5D37E9A-D6D8-40E2-9C0E-3F0F3279DF1D}.Release|x86.Build.0 = Release|Any CPU
		{D0A5554B-79AF-4317-B6BD-4751A657EEA8}.Debug|Any CPU.ActiveCfg = Debug|Any CPU
		{D0A5554B-79AF-4317-B6BD-4751A657EEA8}.Debug|Any CPU.Build.0 = Debug|Any CPU
		{D0A5554B-79AF-4317-B6BD-4751A657EEA8}.Debug|x64.ActiveCfg = Debug|Any CPU
		{D0A5554B-79AF-4317-B6BD-4751A657EEA8}.Debug|x64.Build.0 = Debug|Any CPU
		{D0A5554B-79AF-4317-B6BD-4751A657EEA8}.Debug|x86.ActiveCfg = Debug|Any CPU
		{D0A5554B-79AF-4317-B6BD-4751A657EEA8}.Debug|x86.Build.0 = Debug|Any CPU
		{D0A5554B-79AF-4317-B6BD-4751A657EEA8}.Release|Any CPU.ActiveCfg = Release|Any CPU
		{D0A5554B-79AF-4317-B6BD-4751A657EEA8}.Release|Any CPU.Build.0 = Release|Any CPU
		{D0A5554B-79AF-4317-B6BD-4751A657EEA8}.Release|x64.ActiveCfg = Release|Any CPU
		{D0A5554B-79AF-4317-B6BD-4751A657EEA8}.Release|x64.Build.0 = Release|Any CPU
		{D0A5554B-79AF-4317-B6BD-4751A657EEA8}.Release|x86.ActiveCfg = Release|Any CPU
		{D0A5554B-79AF-4317-B6BD-4751A657EEA8}.Release|x86.Build.0 = Release|Any CPU
	EndGlobalSection
	GlobalSection(SolutionProperties) = preSolution
		HideSolutionNode = FALSE
	EndGlobalSection
	GlobalSection(ExtensibilityGlobals) = postSolution
		SolutionGuid = {231205B4-08C1-4B40-B2F9-6F59840C0202}
	EndGlobalSection
EndGlobal
